// !$*UTF8*$!
{
	archiveVersion = 1;
	classes = {
	};
	objectVersion = 56;
	objects = {

/* Begin PBXBuildFile section */
		2734F3182BD7D73500F9BE38 /* Request.swift in Sources */ = {isa = PBXBuildFile; fileRef = 2734F3172BD7D73500F9BE38 /* Request.swift */; };
		2734F31A2BD7D7AC00F9BE38 /* Response.swift in Sources */ = {isa = PBXBuildFile; fileRef = 2734F3192BD7D7AC00F9BE38 /* Response.swift */; };
		2734F31F2BD7D9AC00F9BE38 /* RequestMessage.swift in Sources */ = {isa = PBXBuildFile; fileRef = 2734F31E2BD7D9AC00F9BE38 /* RequestMessage.swift */; };
		2734F3212BD7D9D400F9BE38 /* Content.swift in Sources */ = {isa = PBXBuildFile; fileRef = 2734F3202BD7D9D400F9BE38 /* Content.swift */; };
		2734F3232BD7D9E900F9BE38 /* ImageURL.swift in Sources */ = {isa = PBXBuildFile; fileRef = 2734F3222BD7D9E900F9BE38 /* ImageURL.swift */; };
		2734F3252BD7D9FC00F9BE38 /* Choice.swift in Sources */ = {isa = PBXBuildFile; fileRef = 2734F3242BD7D9FC00F9BE38 /* Choice.swift */; };
		2734F3272BD7DA0A00F9BE38 /* ResponseMessage.swift in Sources */ = {isa = PBXBuildFile; fileRef = 2734F3262BD7DA0A00F9BE38 /* ResponseMessage.swift */; };
		2734F3292BD7DA1800F9BE38 /* Usage.swift in Sources */ = {isa = PBXBuildFile; fileRef = 2734F3282BD7DA1800F9BE38 /* Usage.swift */; };
		2734F32E2BD8C8ED00F9BE38 /* NetworkService.swift in Sources */ = {isa = PBXBuildFile; fileRef = 2734F32D2BD8C8ED00F9BE38 /* NetworkService.swift */; };
		2734F3312BD8CBB800F9BE38 /* Bundle+.swift in Sources */ = {isa = PBXBuildFile; fileRef = 2734F3302BD8CBB700F9BE38 /* Bundle+.swift */; };
		2734F3342BD8CD9F00F9BE38 /* URLSessionProtocol.swift in Sources */ = {isa = PBXBuildFile; fileRef = 2734F3332BD8CD9F00F9BE38 /* URLSessionProtocol.swift */; };
		2734F3372BD8CDC500F9BE38 /* JSONHandler.swift in Sources */ = {isa = PBXBuildFile; fileRef = 2734F3362BD8CDC500F9BE38 /* JSONHandler.swift */; };
		2734F3392BD8CDE400F9BE38 /* APIType.swift in Sources */ = {isa = PBXBuildFile; fileRef = 2734F3382BD8CDE400F9BE38 /* APIType.swift */; };
		2734F33B2BD8CDF900F9BE38 /* HttpMethod.swift in Sources */ = {isa = PBXBuildFile; fileRef = 2734F33A2BD8CDF900F9BE38 /* HttpMethod.swift */; };
		2734F33E2BD8CF8D00F9BE38 /* NetworkError.swift in Sources */ = {isa = PBXBuildFile; fileRef = 2734F33D2BD8CF8D00F9BE38 /* NetworkError.swift */; };
		2734F3402BD8CFA700F9BE38 /* NetworkURL.swift in Sources */ = {isa = PBXBuildFile; fileRef = 2734F33F2BD8CFA700F9BE38 /* NetworkURL.swift */; };
		2734F3422BD8DA3500F9BE38 /* ARRepository.swift in Sources */ = {isa = PBXBuildFile; fileRef = 2734F3412BD8DA3500F9BE38 /* ARRepository.swift */; };
		2734F3442BD8EDB100F9BE38 /* ARManager.swift in Sources */ = {isa = PBXBuildFile; fileRef = 2734F3432BD8EDB100F9BE38 /* ARManager.swift */; };
		2741C3592BD6418C0009E760 /* AppDelegate.swift in Sources */ = {isa = PBXBuildFile; fileRef = 2741C3582BD6418C0009E760 /* AppDelegate.swift */; };
		2741C35B2BD6418C0009E760 /* SceneDelegate.swift in Sources */ = {isa = PBXBuildFile; fileRef = 2741C35A2BD6418C0009E760 /* SceneDelegate.swift */; };
		2741C35D2BD6418C0009E760 /* ARViewController.swift in Sources */ = {isa = PBXBuildFile; fileRef = 2741C35C2BD6418C0009E760 /* ARViewController.swift */; };
		2741C3622BD6418E0009E760 /* Assets.xcassets in Resources */ = {isa = PBXBuildFile; fileRef = 2741C3612BD6418E0009E760 /* Assets.xcassets */; };
		2741C3652BD6418E0009E760 /* Base in Resources */ = {isa = PBXBuildFile; fileRef = 2741C3642BD6418E0009E760 /* Base */; };
		27C4E6E52BD66B9700B0EC90 /* DetailViewController.swift in Sources */ = {isa = PBXBuildFile; fileRef = 27C4E6E42BD66B9600B0EC90 /* DetailViewController.swift */; };
		27C4E6E82BD7B00B00B0EC90 /* UIImage+.swift in Sources */ = {isa = PBXBuildFile; fileRef = 27C4E6E72BD7B00B00B0EC90 /* UIImage+.swift */; };
		27C4E6EA2BD7B01600B0EC90 /* ARSCNView+.swift in Sources */ = {isa = PBXBuildFile; fileRef = 27C4E6E92BD7B01600B0EC90 /* ARSCNView+.swift */; };
/* End PBXBuildFile section */

/* Begin PBXFileReference section */
		2734F3172BD7D73500F9BE38 /* Request.swift */ = {isa = PBXFileReference; lastKnownFileType = sourcecode.swift; path = Request.swift; sourceTree = "<group>"; };
		2734F3192BD7D7AC00F9BE38 /* Response.swift */ = {isa = PBXFileReference; lastKnownFileType = sourcecode.swift; path = Response.swift; sourceTree = "<group>"; };
		2734F31E2BD7D9AC00F9BE38 /* RequestMessage.swift */ = {isa = PBXFileReference; lastKnownFileType = sourcecode.swift; path = RequestMessage.swift; sourceTree = "<group>"; };
		2734F3202BD7D9D400F9BE38 /* Content.swift */ = {isa = PBXFileReference; lastKnownFileType = sourcecode.swift; path = Content.swift; sourceTree = "<group>"; };
		2734F3222BD7D9E900F9BE38 /* ImageURL.swift */ = {isa = PBXFileReference; lastKnownFileType = sourcecode.swift; path = ImageURL.swift; sourceTree = "<group>"; };
		2734F3242BD7D9FC00F9BE38 /* Choice.swift */ = {isa = PBXFileReference; lastKnownFileType = sourcecode.swift; path = Choice.swift; sourceTree = "<group>"; };
		2734F3262BD7DA0A00F9BE38 /* ResponseMessage.swift */ = {isa = PBXFileReference; lastKnownFileType = sourcecode.swift; path = ResponseMessage.swift; sourceTree = "<group>"; };
		2734F3282BD7DA1800F9BE38 /* Usage.swift */ = {isa = PBXFileReference; lastKnownFileType = sourcecode.swift; path = Usage.swift; sourceTree = "<group>"; };
		2734F32D2BD8C8ED00F9BE38 /* NetworkService.swift */ = {isa = PBXFileReference; lastKnownFileType = sourcecode.swift; path = NetworkService.swift; sourceTree = "<group>"; };
		2734F32F2BD8CB8700F9BE38 /* APIKey.xcconfig */ = {isa = PBXFileReference; lastKnownFileType = text.xcconfig; path = APIKey.xcconfig; sourceTree = "<group>"; };
		2734F3302BD8CBB700F9BE38 /* Bundle+.swift */ = {isa = PBXFileReference; lastKnownFileType = sourcecode.swift; path = "Bundle+.swift"; sourceTree = "<group>"; };
		2734F3332BD8CD9F00F9BE38 /* URLSessionProtocol.swift */ = {isa = PBXFileReference; lastKnownFileType = sourcecode.swift; path = URLSessionProtocol.swift; sourceTree = "<group>"; };
		2734F3362BD8CDC500F9BE38 /* JSONHandler.swift */ = {isa = PBXFileReference; lastKnownFileType = sourcecode.swift; path = JSONHandler.swift; sourceTree = "<group>"; };
		2734F3382BD8CDE400F9BE38 /* APIType.swift */ = {isa = PBXFileReference; lastKnownFileType = sourcecode.swift; path = APIType.swift; sourceTree = "<group>"; };
		2734F33A2BD8CDF900F9BE38 /* HttpMethod.swift */ = {isa = PBXFileReference; lastKnownFileType = sourcecode.swift; path = HttpMethod.swift; sourceTree = "<group>"; };
		2734F33D2BD8CF8D00F9BE38 /* NetworkError.swift */ = {isa = PBXFileReference; lastKnownFileType = sourcecode.swift; path = NetworkError.swift; sourceTree = "<group>"; };
		2734F33F2BD8CFA700F9BE38 /* NetworkURL.swift */ = {isa = PBXFileReference; lastKnownFileType = sourcecode.swift; path = NetworkURL.swift; sourceTree = "<group>"; };
		2734F3412BD8DA3500F9BE38 /* ARRepository.swift */ = {isa = PBXFileReference; lastKnownFileType = sourcecode.swift; path = ARRepository.swift; sourceTree = "<group>"; };
		2734F3432BD8EDB100F9BE38 /* ARManager.swift */ = {isa = PBXFileReference; lastKnownFileType = sourcecode.swift; path = ARManager.swift; sourceTree = "<group>"; };
		2741C3552BD6418C0009E760 /* Authlabs_EEILS.app */ = {isa = PBXFileReference; explicitFileType = wrapper.application; includeInIndex = 0; path = Authlabs_EEILS.app; sourceTree = BUILT_PRODUCTS_DIR; };
		2741C3582BD6418C0009E760 /* AppDelegate.swift */ = {isa = PBXFileReference; lastKnownFileType = sourcecode.swift; path = AppDelegate.swift; sourceTree = "<group>"; };
		2741C35A2BD6418C0009E760 /* SceneDelegate.swift */ = {isa = PBXFileReference; lastKnownFileType = sourcecode.swift; path = SceneDelegate.swift; sourceTree = "<group>"; };
		2741C35C2BD6418C0009E760 /* ARViewController.swift */ = {isa = PBXFileReference; lastKnownFileType = sourcecode.swift; path = ARViewController.swift; sourceTree = "<group>"; };
		2741C3612BD6418E0009E760 /* Assets.xcassets */ = {isa = PBXFileReference; lastKnownFileType = folder.assetcatalog; path = Assets.xcassets; sourceTree = "<group>"; };
		2741C3642BD6418E0009E760 /* Base */ = {isa = PBXFileReference; lastKnownFileType = file.storyboard; name = Base; path = Base.lproj/LaunchScreen.storyboard; sourceTree = "<group>"; };
		2741C3662BD6418E0009E760 /* Info.plist */ = {isa = PBXFileReference; lastKnownFileType = text.plist.xml; path = Info.plist; sourceTree = "<group>"; };
		27C4E6E42BD66B9600B0EC90 /* DetailViewController.swift */ = {isa = PBXFileReference; lastKnownFileType = sourcecode.swift; path = DetailViewController.swift; sourceTree = "<group>"; };
		27C4E6E72BD7B00B00B0EC90 /* UIImage+.swift */ = {isa = PBXFileReference; lastKnownFileType = sourcecode.swift; path = "UIImage+.swift"; sourceTree = "<group>"; };
		27C4E6E92BD7B01600B0EC90 /* ARSCNView+.swift */ = {isa = PBXFileReference; lastKnownFileType = sourcecode.swift; path = "ARSCNView+.swift"; sourceTree = "<group>"; };
/* End PBXFileReference section */

/* Begin PBXFrameworksBuildPhase section */
		2741C3522BD6418C0009E760 /* Frameworks */ = {
			isa = PBXFrameworksBuildPhase;
			buildActionMask = 2147483647;
			files = (
			);
			runOnlyForDeploymentPostprocessing = 0;
		};
/* End PBXFrameworksBuildPhase section */

/* Begin PBXGroup section */
		2734F3162BD7D6E900F9BE38 /* Model */ = {
			isa = PBXGroup;
			children = (
				2734F32C2BD8C4E200F9BE38 /* Network */,
				2734F31B2BD7D99100F9BE38 /* Request */,
				2734F31C2BD7D99600F9BE38 /* Response */,
				2734F3412BD8DA3500F9BE38 /* ARRepository.swift */,
				2734F3432BD8EDB100F9BE38 /* ARManager.swift */,
			);
			path = Model;
			sourceTree = "<group>";
		};
		2734F31B2BD7D99100F9BE38 /* Request */ = {
			isa = PBXGroup;
			children = (
				2734F3172BD7D73500F9BE38 /* Request.swift */,
				2734F31E2BD7D9AC00F9BE38 /* RequestMessage.swift */,
				2734F3202BD7D9D400F9BE38 /* Content.swift */,
				2734F3222BD7D9E900F9BE38 /* ImageURL.swift */,
			);
			path = Request;
			sourceTree = "<group>";
		};
		2734F31C2BD7D99600F9BE38 /* Response */ = {
			isa = PBXGroup;
			children = (
				2734F3192BD7D7AC00F9BE38 /* Response.swift */,
				2734F3242BD7D9FC00F9BE38 /* Choice.swift */,
				2734F3262BD7DA0A00F9BE38 /* ResponseMessage.swift */,
				2734F3282BD7DA1800F9BE38 /* Usage.swift */,
			);
			path = Response;
			sourceTree = "<group>";
		};
		2734F32C2BD8C4E200F9BE38 /* Network */ = {
			isa = PBXGroup;
			children = (
				2734F32D2BD8C8ED00F9BE38 /* NetworkService.swift */,
				2734F33F2BD8CFA700F9BE38 /* NetworkURL.swift */,
				2734F3382BD8CDE400F9BE38 /* APIType.swift */,
				2734F33A2BD8CDF900F9BE38 /* HttpMethod.swift */,
				2734F33D2BD8CF8D00F9BE38 /* NetworkError.swift */,
				2734F3352BD8CDB800F9BE38 /* JSON */,
				2734F3322BD8CD9300F9BE38 /* Protocol */,
			);
			path = Network;
			sourceTree = "<group>";
		};
		2734F3322BD8CD9300F9BE38 /* Protocol */ = {
			isa = PBXGroup;
			children = (
				2734F3332BD8CD9F00F9BE38 /* URLSessionProtocol.swift */,
			);
			path = Protocol;
			sourceTree = "<group>";
		};
		2734F3352BD8CDB800F9BE38 /* JSON */ = {
			isa = PBXGroup;
			children = (
				2734F3362BD8CDC500F9BE38 /* JSONHandler.swift */,
			);
			path = JSON;
			sourceTree = "<group>";
		};
		2741C34C2BD6418C0009E760 = {
			isa = PBXGroup;
			children = (
				2734F32F2BD8CB8700F9BE38 /* APIKey.xcconfig */,
				2741C3572BD6418C0009E760 /* Authlabs_EEILS */,
				2741C3562BD6418C0009E760 /* Products */,
			);
			sourceTree = "<group>";
		};
		2741C3562BD6418C0009E760 /* Products */ = {
			isa = PBXGroup;
			children = (
				2741C3552BD6418C0009E760 /* Authlabs_EEILS.app */,
			);
			name = Products;
			sourceTree = "<group>";
		};
		2741C3572BD6418C0009E760 /* Authlabs_EEILS */ = {
			isa = PBXGroup;
			children = (
				2741C36C2BD6429D0009E760 /* App */,
				2734F3162BD7D6E900F9BE38 /* Model */,
				27C4E6E32BD66B8300B0EC90 /* View */,
				27C4E6E62BD7AFFE00B0EC90 /* Extension */,
				2741C36D2BD642AB0009E760 /* Resource */,
			);
			path = Authlabs_EEILS;
			sourceTree = "<group>";
		};
		2741C36C2BD6429D0009E760 /* App */ = {
			isa = PBXGroup;
			children = (
				2741C3582BD6418C0009E760 /* AppDelegate.swift */,
				2741C35A2BD6418C0009E760 /* SceneDelegate.swift */,
			);
			path = App;
			sourceTree = "<group>";
		};
		2741C36D2BD642AB0009E760 /* Resource */ = {
			isa = PBXGroup;
			children = (
				2741C3612BD6418E0009E760 /* Assets.xcassets */,
				2741C3632BD6418E0009E760 /* LaunchScreen.storyboard */,
				2741C3662BD6418E0009E760 /* Info.plist */,
			);
			path = Resource;
			sourceTree = "<group>";
		};
		27C4E6E32BD66B8300B0EC90 /* View */ = {
			isa = PBXGroup;
			children = (
				2741C35C2BD6418C0009E760 /* ARViewController.swift */,
				27C4E6E42BD66B9600B0EC90 /* DetailViewController.swift */,
			);
			path = View;
			sourceTree = "<group>";
		};
		27C4E6E62BD7AFFE00B0EC90 /* Extension */ = {
			isa = PBXGroup;
			children = (
				27C4E6E72BD7B00B00B0EC90 /* UIImage+.swift */,
				27C4E6E92BD7B01600B0EC90 /* ARSCNView+.swift */,
				2734F3302BD8CBB700F9BE38 /* Bundle+.swift */,
			);
			path = Extension;
			sourceTree = "<group>";
		};
/* End PBXGroup section */

/* Begin PBXNativeTarget section */
		2741C3542BD6418C0009E760 /* Authlabs_EEILS */ = {
			isa = PBXNativeTarget;
			buildConfigurationList = 2741C3692BD6418E0009E760 /* Build configuration list for PBXNativeTarget "Authlabs_EEILS" */;
			buildPhases = (
				2741C3512BD6418C0009E760 /* Sources */,
				2741C3522BD6418C0009E760 /* Frameworks */,
				2741C3532BD6418C0009E760 /* Resources */,
			);
			buildRules = (
			);
			dependencies = (
			);
			name = Authlabs_EEILS;
			productName = Authlabs_EEILS;
			productReference = 2741C3552BD6418C0009E760 /* Authlabs_EEILS.app */;
			productType = "com.apple.product-type.application";
		};
/* End PBXNativeTarget section */

/* Begin PBXProject section */
		2741C34D2BD6418C0009E760 /* Project object */ = {
			isa = PBXProject;
			attributes = {
				BuildIndependentTargetsInParallel = 1;
				LastSwiftUpdateCheck = 1530;
				LastUpgradeCheck = 1530;
				TargetAttributes = {
					2741C3542BD6418C0009E760 = {
						CreatedOnToolsVersion = 15.3;
					};
				};
			};
			buildConfigurationList = 2741C3502BD6418C0009E760 /* Build configuration list for PBXProject "Authlabs_EEILS" */;
			compatibilityVersion = "Xcode 14.0";
			developmentRegion = en;
			hasScannedForEncodings = 0;
			knownRegions = (
				en,
				Base,
			);
			mainGroup = 2741C34C2BD6418C0009E760;
			productRefGroup = 2741C3562BD6418C0009E760 /* Products */;
			projectDirPath = "";
			projectRoot = "";
			targets = (
				2741C3542BD6418C0009E760 /* Authlabs_EEILS */,
			);
		};
/* End PBXProject section */

/* Begin PBXResourcesBuildPhase section */
		2741C3532BD6418C0009E760 /* Resources */ = {
			isa = PBXResourcesBuildPhase;
			buildActionMask = 2147483647;
			files = (
				2741C3622BD6418E0009E760 /* Assets.xcassets in Resources */,
				2741C3652BD6418E0009E760 /* Base in Resources */,
			);
			runOnlyForDeploymentPostprocessing = 0;
		};
/* End PBXResourcesBuildPhase section */

/* Begin PBXSourcesBuildPhase section */
		2741C3512BD6418C0009E760 /* Sources */ = {
			isa = PBXSourcesBuildPhase;
			buildActionMask = 2147483647;
			files = (
				2734F31A2BD7D7AC00F9BE38 /* Response.swift in Sources */,
				2734F3392BD8CDE400F9BE38 /* APIType.swift in Sources */,
				2734F31F2BD7D9AC00F9BE38 /* RequestMessage.swift in Sources */,
				2734F3422BD8DA3500F9BE38 /* ARRepository.swift in Sources */,
				2741C35D2BD6418C0009E760 /* ARViewController.swift in Sources */,
				2734F3212BD7D9D400F9BE38 /* Content.swift in Sources */,
				2734F3372BD8CDC500F9BE38 /* JSONHandler.swift in Sources */,
				2741C3592BD6418C0009E760 /* AppDelegate.swift in Sources */,
				27C4E6E82BD7B00B00B0EC90 /* UIImage+.swift in Sources */,
				2734F3252BD7D9FC00F9BE38 /* Choice.swift in Sources */,
				2741C35B2BD6418C0009E760 /* SceneDelegate.swift in Sources */,
				2734F3342BD8CD9F00F9BE38 /* URLSessionProtocol.swift in Sources */,
				2734F3182BD7D73500F9BE38 /* Request.swift in Sources */,
				2734F33B2BD8CDF900F9BE38 /* HttpMethod.swift in Sources */,
				2734F3272BD7DA0A00F9BE38 /* ResponseMessage.swift in Sources */,
				2734F32E2BD8C8ED00F9BE38 /* NetworkService.swift in Sources */,
				2734F3442BD8EDB100F9BE38 /* ARManager.swift in Sources */,
				2734F33E2BD8CF8D00F9BE38 /* NetworkError.swift in Sources */,
				27C4E6EA2BD7B01600B0EC90 /* ARSCNView+.swift in Sources */,
				2734F3292BD7DA1800F9BE38 /* Usage.swift in Sources */,
				2734F3312BD8CBB800F9BE38 /* Bundle+.swift in Sources */,
				2734F3232BD7D9E900F9BE38 /* ImageURL.swift in Sources */,
				2734F3402BD8CFA700F9BE38 /* NetworkURL.swift in Sources */,
				27C4E6E52BD66B9700B0EC90 /* DetailViewController.swift in Sources */,
			);
			runOnlyForDeploymentPostprocessing = 0;
		};
/* End PBXSourcesBuildPhase section */

/* Begin PBXVariantGroup section */
		2741C3632BD6418E0009E760 /* LaunchScreen.storyboard */ = {
			isa = PBXVariantGroup;
			children = (
				2741C3642BD6418E0009E760 /* Base */,
			);
			name = LaunchScreen.storyboard;
			sourceTree = "<group>";
		};
/* End PBXVariantGroup section */

/* Begin XCBuildConfiguration section */
		2741C3672BD6418E0009E760 /* Debug */ = {
			isa = XCBuildConfiguration;
			baseConfigurationReference = 2734F32F2BD8CB8700F9BE38 /* APIKey.xcconfig */;
			buildSettings = {
				ALWAYS_SEARCH_USER_PATHS = NO;
				ASSETCATALOG_COMPILER_GENERATE_SWIFT_ASSET_SYMBOL_EXTENSIONS = YES;
				CLANG_ANALYZER_NONNULL = YES;
				CLANG_ANALYZER_NUMBER_OBJECT_CONVERSION = YES_AGGRESSIVE;
				CLANG_CXX_LANGUAGE_STANDARD = "gnu++20";
				CLANG_ENABLE_MODULES = YES;
				CLANG_ENABLE_OBJC_ARC = YES;
				CLANG_ENABLE_OBJC_WEAK = YES;
				CLANG_WARN_BLOCK_CAPTURE_AUTORELEASING = YES;
				CLANG_WARN_BOOL_CONVERSION = YES;
				CLANG_WARN_COMMA = YES;
				CLANG_WARN_CONSTANT_CONVERSION = YES;
				CLANG_WARN_DEPRECATED_OBJC_IMPLEMENTATIONS = YES;
				CLANG_WARN_DIRECT_OBJC_ISA_USAGE = YES_ERROR;
				CLANG_WARN_DOCUMENTATION_COMMENTS = YES;
				CLANG_WARN_EMPTY_BODY = YES;
				CLANG_WARN_ENUM_CONVERSION = YES;
				CLANG_WARN_INFINITE_RECURSION = YES;
				CLANG_WARN_INT_CONVERSION = YES;
				CLANG_WARN_NON_LITERAL_NULL_CONVERSION = YES;
				CLANG_WARN_OBJC_IMPLICIT_RETAIN_SELF = YES;
				CLANG_WARN_OBJC_LITERAL_CONVERSION = YES;
				CLANG_WARN_OBJC_ROOT_CLASS = YES_ERROR;
				CLANG_WARN_QUOTED_INCLUDE_IN_FRAMEWORK_HEADER = YES;
				CLANG_WARN_RANGE_LOOP_ANALYSIS = YES;
				CLANG_WARN_STRICT_PROTOTYPES = YES;
				CLANG_WARN_SUSPICIOUS_MOVE = YES;
				CLANG_WARN_UNGUARDED_AVAILABILITY = YES_AGGRESSIVE;
				CLANG_WARN_UNREACHABLE_CODE = YES;
				CLANG_WARN__DUPLICATE_METHOD_MATCH = YES;
				COPY_PHASE_STRIP = NO;
				DEBUG_INFORMATION_FORMAT = dwarf;
				ENABLE_STRICT_OBJC_MSGSEND = YES;
				ENABLE_TESTABILITY = YES;
				ENABLE_USER_SCRIPT_SANDBOXING = YES;
				GCC_C_LANGUAGE_STANDARD = gnu17;
				GCC_DYNAMIC_NO_PIC = NO;
				GCC_NO_COMMON_BLOCKS = YES;
				GCC_OPTIMIZATION_LEVEL = 0;
				GCC_PREPROCESSOR_DEFINITIONS = (
					"DEBUG=1",
					"$(inherited)",
				);
				GCC_WARN_64_TO_32_BIT_CONVERSION = YES;
				GCC_WARN_ABOUT_RETURN_TYPE = YES_ERROR;
				GCC_WARN_UNDECLARED_SELECTOR = YES;
				GCC_WARN_UNINITIALIZED_AUTOS = YES_AGGRESSIVE;
				GCC_WARN_UNUSED_FUNCTION = YES;
				GCC_WARN_UNUSED_VARIABLE = YES;
				IPHONEOS_DEPLOYMENT_TARGET = 17.4;
				LOCALIZATION_PREFERS_STRING_CATALOGS = YES;
				MTL_ENABLE_DEBUG_INFO = INCLUDE_SOURCE;
				MTL_FAST_MATH = YES;
				ONLY_ACTIVE_ARCH = YES;
				SDKROOT = iphoneos;
				SWIFT_ACTIVE_COMPILATION_CONDITIONS = "DEBUG $(inherited)";
				SWIFT_OPTIMIZATION_LEVEL = "-Onone";
			};
			name = Debug;
		};
		2741C3682BD6418E0009E760 /* Release */ = {
			isa = XCBuildConfiguration;
			buildSettings = {
				ALWAYS_SEARCH_USER_PATHS = NO;
				ASSETCATALOG_COMPILER_GENERATE_SWIFT_ASSET_SYMBOL_EXTENSIONS = YES;
				CLANG_ANALYZER_NONNULL = YES;
				CLANG_ANALYZER_NUMBER_OBJECT_CONVERSION = YES_AGGRESSIVE;
				CLANG_CXX_LANGUAGE_STANDARD = "gnu++20";
				CLANG_ENABLE_MODULES = YES;
				CLANG_ENABLE_OBJC_ARC = YES;
				CLANG_ENABLE_OBJC_WEAK = YES;
				CLANG_WARN_BLOCK_CAPTURE_AUTORELEASING = YES;
				CLANG_WARN_BOOL_CONVERSION = YES;
				CLANG_WARN_COMMA = YES;
				CLANG_WARN_CONSTANT_CONVERSION = YES;
				CLANG_WARN_DEPRECATED_OBJC_IMPLEMENTATIONS = YES;
				CLANG_WARN_DIRECT_OBJC_ISA_USAGE = YES_ERROR;
				CLANG_WARN_DOCUMENTATION_COMMENTS = YES;
				CLANG_WARN_EMPTY_BODY = YES;
				CLANG_WARN_ENUM_CONVERSION = YES;
				CLANG_WARN_INFINITE_RECURSION = YES;
				CLANG_WARN_INT_CONVERSION = YES;
				CLANG_WARN_NON_LITERAL_NULL_CONVERSION = YES;
				CLANG_WARN_OBJC_IMPLICIT_RETAIN_SELF = YES;
				CLANG_WARN_OBJC_LITERAL_CONVERSION = YES;
				CLANG_WARN_OBJC_ROOT_CLASS = YES_ERROR;
				CLANG_WARN_QUOTED_INCLUDE_IN_FRAMEWORK_HEADER = YES;
				CLANG_WARN_RANGE_LOOP_ANALYSIS = YES;
				CLANG_WARN_STRICT_PROTOTYPES = YES;
				CLANG_WARN_SUSPICIOUS_MOVE = YES;
				CLANG_WARN_UNGUARDED_AVAILABILITY = YES_AGGRESSIVE;
				CLANG_WARN_UNREACHABLE_CODE = YES;
				CLANG_WARN__DUPLICATE_METHOD_MATCH = YES;
				COPY_PHASE_STRIP = NO;
				DEBUG_INFORMATION_FORMAT = "dwarf-with-dsym";
				ENABLE_NS_ASSERTIONS = NO;
				ENABLE_STRICT_OBJC_MSGSEND = YES;
				ENABLE_USER_SCRIPT_SANDBOXING = YES;
				GCC_C_LANGUAGE_STANDARD = gnu17;
				GCC_NO_COMMON_BLOCKS = YES;
				GCC_WARN_64_TO_32_BIT_CONVERSION = YES;
				GCC_WARN_ABOUT_RETURN_TYPE = YES_ERROR;
				GCC_WARN_UNDECLARED_SELECTOR = YES;
				GCC_WARN_UNINITIALIZED_AUTOS = YES_AGGRESSIVE;
				GCC_WARN_UNUSED_FUNCTION = YES;
				GCC_WARN_UNUSED_VARIABLE = YES;
				IPHONEOS_DEPLOYMENT_TARGET = 17.4;
				LOCALIZATION_PREFERS_STRING_CATALOGS = YES;
				MTL_ENABLE_DEBUG_INFO = NO;
				MTL_FAST_MATH = YES;
				SDKROOT = iphoneos;
				SWIFT_COMPILATION_MODE = wholemodule;
				VALIDATE_PRODUCT = YES;
			};
			name = Release;
		};
		2741C36A2BD6418E0009E760 /* Debug */ = {
			isa = XCBuildConfiguration;
			baseConfigurationReference = 2734F32F2BD8CB8700F9BE38 /* APIKey.xcconfig */;
			buildSettings = {
				ASSETCATALOG_COMPILER_APPICON_NAME = AppIcon;
				ASSETCATALOG_COMPILER_GLOBAL_ACCENT_COLOR_NAME = AccentColor;
				CODE_SIGN_STYLE = Automatic;
				CURRENT_PROJECT_VERSION = 1;
				DEVELOPMENT_TEAM = K9NKZR257N;
				GENERATE_INFOPLIST_FILE = YES;
				INFOPLIST_FILE = Authlabs_EEILS/Resource/Info.plist;
				INFOPLIST_KEY_UIApplicationSupportsIndirectInputEvents = YES;
				INFOPLIST_KEY_UILaunchStoryboardName = LaunchScreen;
				INFOPLIST_KEY_UISupportedInterfaceOrientations_iPad = "UIInterfaceOrientationPortrait UIInterfaceOrientationPortraitUpsideDown UIInterfaceOrientationLandscapeLeft UIInterfaceOrientationLandscapeRight";
				INFOPLIST_KEY_UISupportedInterfaceOrientations_iPhone = "UIInterfaceOrientationPortrait UIInterfaceOrientationLandscapeLeft UIInterfaceOrientationLandscapeRight";
				LD_RUNPATH_SEARCH_PATHS = (
					"$(inherited)",
					"@executable_path/Frameworks",
				);
				MARKETING_VERSION = 1.0;
				PRODUCT_BUNDLE_IDENTIFIER = "changhyun-kyle.Authlabs-EEILS";
				PRODUCT_NAME = "$(TARGET_NAME)";
				SWIFT_EMIT_LOC_STRINGS = YES;
				SWIFT_VERSION = 5.0;
				TARGETED_DEVICE_FAMILY = "1,2";
			};
			name = Debug;
		};
		2741C36B2BD6418E0009E760 /* Release */ = {
			isa = XCBuildConfiguration;
			buildSettings = {
				ASSETCATALOG_COMPILER_APPICON_NAME = AppIcon;
				ASSETCATALOG_COMPILER_GLOBAL_ACCENT_COLOR_NAME = AccentColor;
				CODE_SIGN_STYLE = Automatic;
				CURRENT_PROJECT_VERSION = 1;
				DEVELOPMENT_TEAM = K9NKZR257N;
				GENERATE_INFOPLIST_FILE = YES;
				INFOPLIST_FILE = Authlabs_EEILS/Resource/Info.plist;
				INFOPLIST_KEY_UIApplicationSupportsIndirectInputEvents = YES;
				INFOPLIST_KEY_UILaunchStoryboardName = LaunchScreen;
				INFOPLIST_KEY_UISupportedInterfaceOrientations_iPad = "UIInterfaceOrientationPortrait UIInterfaceOrientationPortraitUpsideDown UIInterfaceOrientationLandscapeLeft UIInterfaceOrientationLandscapeRight";
				INFOPLIST_KEY_UISupportedInterfaceOrientations_iPhone = "UIInterfaceOrientationPortrait UIInterfaceOrientationLandscapeLeft UIInterfaceOrientationLandscapeRight";
				LD_RUNPATH_SEARCH_PATHS = (
					"$(inherited)",
					"@executable_path/Frameworks",
				);
				MARKETING_VERSION = 1.0;
				PRODUCT_BUNDLE_IDENTIFIER = "changhyun-kyle.Authlabs-EEILS";
				PRODUCT_NAME = "$(TARGET_NAME)";
				SWIFT_EMIT_LOC_STRINGS = YES;
				SWIFT_VERSION = 5.0;
				TARGETED_DEVICE_FAMILY = "1,2";
			};
			name = Release;
		};
/* End XCBuildConfiguration section */

/* Begin XCConfigurationList section */
		2741C3502BD6418C0009E760 /* Build configuration list for PBXProject "Authlabs_EEILS" */ = {
			isa = XCConfigurationList;
			buildConfigurations = (
				2741C3672BD6418E0009E760 /* Debug */,
				2741C3682BD6418E0009E760 /* Release */,
			);
			defaultConfigurationIsVisible = 0;
			defaultConfigurationName = Release;
		};
		2741C3692BD6418E0009E760 /* Build configuration list for PBXNativeTarget "Authlabs_EEILS" */ = {
			isa = XCConfigurationList;
			buildConfigurations = (
				2741C36A2BD6418E0009E760 /* Debug */,
				2741C36B2BD6418E0009E760 /* Release */,
			);
			defaultConfigurationIsVisible = 0;
			defaultConfigurationName = Release;
		};
/* End XCConfigurationList section */
	};
	rootObject = 2741C34D2BD6418C0009E760 /* Project object */;
}
